
Microsoft Visual Studio Solution File, Format Version 12.00
# Visual Studio Version 17
VisualStudioVersion = 17.11.35327.3
MinimumVisualStudioVersion = 10.0.40219.1
Project("{FAE04EC0-301F-11D3-BF4B-00C04F79EFBC}") = "Lab Assignment_0", "Lab Assignment_0\Lab Assignment_0.csproj", "{BA091307-7E22-44C8-BDA5-0E2203ABF973}"
EndProject
Global
	GlobalSection(SolutionConfigurationPlatforms) = preSolution
		Debug|Any CPU = Debug|Any CPU
		Release|Any CPU = Release|Any CPU
	EndGlobalSection
	GlobalSection(ProjectConfigurationPlatforms) = postSolution
		{BA091307-7E22-44C8-BDA5-0E2203ABF973}.Debug|Any CPU.ActiveCfg = Debug|Any CPU
		{BA091307-7E22-44C8-BDA5-0E2203ABF973}.Debug|Any CPU.Build.0 = Debug|Any CPU
		{BA091307-7E22-44C8-BDA5-0E2203ABF973}.Release|Any CPU.ActiveCfg = Release|Any CPU
		{BA091307-7E22-44C8-BDA5-0E2203ABF973}.Release|Any CPU.Build.0 = Release|Any CPU
	EndGlobalSection
	GlobalSection(SolutionProperties) = preSolution
		HideSolutionNode = FALSE
	EndGlobalSection
	GlobalSection(ExtensibilityGlobals) = postSolution
		SolutionGuid = {6F604849-041D-49C6-9B88-6A6BA39DDFD5}
	EndGlobalSection
EndGlobal
